
Microsoft Visual Studio Solution File, Format Version 12.00
# Visual Studio 15
VisualStudioVersion = 15.0.28307.489
MinimumVisualStudioVersion = 10.0.40219.1
Project("{FAE04EC0-301F-11D3-BF4B-00C04F79EFBC}") = "DM_AssistantGUI", "DM_AssistantGUI\DM_AssistantGUI.csproj", "{E4B4EA8C-63E6-4BB3-9AFF-6A444211A0C7}"
EndProject
Global
	GlobalSection(SolutionConfigurationPlatforms) = preSolution
		Debug|Any CPU = Debug|Any CPU
		Release|Any CPU = Release|Any CPU
	EndGlobalSection
	GlobalSection(ProjectConfigurationPlatforms) = postSolution
		{E4B4EA8C-63E6-4BB3-9AFF-6A444211A0C7}.Debug|Any CPU.ActiveCfg = Debug|Any CPU
		{E4B4EA8C-63E6-4BB3-9AFF-6A444211A0C7}.Debug|Any CPU.Build.0 = Debug|Any CPU
		{E4B4EA8C-63E6-4BB3-9AFF-6A444211A0C7}.Release|Any CPU.ActiveCfg = Release|Any CPU
		{E4B4EA8C-63E6-4BB3-9AFF-6A444211A0C7}.Release|Any CPU.Build.0 = Release|Any CPU
	EndGlobalSection
	GlobalSection(SolutionProperties) = preSolution
		HideSolutionNode = FALSE
	EndGlobalSection
	GlobalSection(ExtensibilityGlobals) = postSolution
		SolutionGuid = {572182B0-B272-47F5-8C59-926625EAA8FC}
	EndGlobalSection
EndGlobal
